
Microsoft Visual Studio Solution File, Format Version 12.00
# Visual Studio Version 16
VisualStudioVersion = 16.0.29920.165
MinimumVisualStudioVersion = 10.0.40219.1
Project("{FAE04EC0-301F-11D3-BF4B-00C04F79EFBC}") = "CompositeDemo", "CompositeDemo\CompositeDemo.csproj", "{C16DD4DE-ABCD-4861-9F43-3C290E521AEA}"
EndProject
Global
	GlobalSection(SolutionConfigurationPlatforms) = preSolution
		Debug|Any CPU = Debug|Any CPU
		Release|Any CPU = Release|Any CPU
	EndGlobalSection
	GlobalSection(ProjectConfigurationPlatforms) = postSolution
		{C16DD4DE-ABCD-4861-9F43-3C290E521AEA}.Debug|Any CPU.ActiveCfg = Debug|Any CPU
		{C16DD4DE-ABCD-4861-9F43-3C290E521AEA}.Debug|Any CPU.Build.0 = Debug|Any CPU
		{C16DD4DE-ABCD-4861-9F43-3C290E521AEA}.Release|Any CPU.ActiveCfg = Release|Any CPU
		{C16DD4DE-ABCD-4861-9F43-3C290E521AEA}.Release|Any CPU.Build.0 = Release|Any CPU
	EndGlobalSection
	GlobalSection(SolutionProperties) = preSolution
		HideSolutionNode = FALSE
	EndGlobalSection
	GlobalSection(ExtensibilityGlobals) = postSolution
		SolutionGuid = {4111D43F-96D7-4498-87EB-1D903C79F26A}
	EndGlobalSection
EndGlobal
